
Microsoft Visual Studio Solution File, Format Version 12.00
# Visual Studio Version 17
VisualStudioVersion = 17.9.34728.123
MinimumVisualStudioVersion = 10.0.40219.1
Project("{9A19103F-16F7-4668-BE54-9A1E7A4F7556}") = "BookStore", "BookStore\BookStore.csproj", "{183E862F-3D2F-4902-9A4E-58B6787DD41A}"
EndProject
Global
	GlobalSection(SolutionConfigurationPlatforms) = preSolution
		Debug|Any CPU = Debug|Any CPU
		Release|Any CPU = Release|Any CPU
	EndGlobalSection
	GlobalSection(ProjectConfigurationPlatforms) = postSolution
		{183E862F-3D2F-4902-9A4E-58B6787DD41A}.Debug|Any CPU.ActiveCfg = Debug|Any CPU
		{183E862F-3D2F-4902-9A4E-58B6787DD41A}.Debug|Any CPU.Build.0 = Debug|Any CPU
		{183E862F-3D2F-4902-9A4E-58B6787DD41A}.Release|Any CPU.ActiveCfg = Release|Any CPU
		{183E862F-3D2F-4902-9A4E-58B6787DD41A}.Release|Any CPU.Build.0 = Release|Any CPU
	EndGlobalSection
	GlobalSection(SolutionProperties) = preSolution
		HideSolutionNode = FALSE
	EndGlobalSection
	GlobalSection(ExtensibilityGlobals) = postSolution
		SolutionGuid = {F6BAAF9A-E48B-4085-8F38-60292AC20135}
	EndGlobalSection
EndGlobal
